
Microsoft Visual Studio Solution File, Format Version 12.00
# Visual Studio 2013
VisualStudioVersion = 12.0.21005.1
MinimumVisualStudioVersion = 10.0.40219.1
Project("{FAE04EC0-301F-11D3-BF4B-00C04F79EFBC}") = "Knapi", "Knapi\Knapi.csproj", "{BC9567F3-9D6F-45E6-AC12-F86563E63581}"
EndProject
Project("{2150E333-8FDC-42A3-9474-1A3956D46DE8}") = "Solution Items", "Solution Items", "{DF34C10D-886F-480C-A797-C65BAE3276F9}"
	ProjectSection(SolutionItems) = preProject
		LICENSE = LICENSE
		README.md = README.md
	EndProjectSection
EndProject
Project("{FAE04EC0-301F-11D3-BF4B-00C04F79EFBC}") = "KnapiTest", "KnapiTest\KnapiTest.csproj", "{EB6B3CCE-8D26-4FA3-BE7A-D165194AE511}"
EndProject
Project("{FAE04EC0-301F-11D3-BF4B-00C04F79EFBC}") = "NuGetPackager", "NuGet.Packager1\NuGetPackager.csproj", "{0451BAEF-DF2E-4B98-8644-94EE9415E389}"
EndProject
Global
	GlobalSection(SolutionConfigurationPlatforms) = preSolution
		Debug|Any CPU = Debug|Any CPU
		Release|Any CPU = Release|Any CPU
	EndGlobalSection
	GlobalSection(ProjectConfigurationPlatforms) = postSolution
		{BC9567F3-9D6F-45E6-AC12-F86563E63581}.Debug|Any CPU.ActiveCfg = Debug|Any CPU
		{BC9567F3-9D6F-45E6-AC12-F86563E63581}.Debug|Any CPU.Build.0 = Debug|Any CPU
		{BC9567F3-9D6F-45E6-AC12-F86563E63581}.Release|Any CPU.ActiveCfg = Release|Any CPU
		{BC9567F3-9D6F-45E6-AC12-F86563E63581}.Release|Any CPU.Build.0 = Release|Any CPU
		{EB6B3CCE-8D26-4FA3-BE7A-D165194AE511}.Debug|Any CPU.ActiveCfg = Debug|Any CPU
		{EB6B3CCE-8D26-4FA3-BE7A-D165194AE511}.Debug|Any CPU.Build.0 = Debug|Any CPU
		{EB6B3CCE-8D26-4FA3-BE7A-D165194AE511}.Release|Any CPU.ActiveCfg = Release|Any CPU
		{EB6B3CCE-8D26-4FA3-BE7A-D165194AE511}.Release|Any CPU.Build.0 = Release|Any CPU
		{0451BAEF-DF2E-4B98-8644-94EE9415E389}.Debug|Any CPU.ActiveCfg = Debug|Any CPU
		{0451BAEF-DF2E-4B98-8644-94EE9415E389}.Debug|Any CPU.Build.0 = Debug|Any CPU
		{0451BAEF-DF2E-4B98-8644-94EE9415E389}.Release|Any CPU.ActiveCfg = Release|Any CPU
		{0451BAEF-DF2E-4B98-8644-94EE9415E389}.Release|Any CPU.Build.0 = Release|Any CPU
	EndGlobalSection
	GlobalSection(SolutionProperties) = preSolution
		HideSolutionNode = FALSE
	EndGlobalSection
EndGlobal
